{"version":4,"terraform_version":"1.9.0","serial":2,"lineage":"895d8eb2-bedf-436d-5a64-66995b7b0fa3","outputs":{},"resources":[{"module":"module.state","mode":"managed","type":"aws_dynamodb_table","name":"tofu_locks","provider":"provider[\"registry.opentofu.org/hashicorp/aws\"]","instances":[{"schema_version":1,"attributes":{"arn":"arn:aws:dynamodb:us-east-2:054037125242:table/fundamentals-of-td5","attribute":[{"name":"LockID","type":"S"}],"billing_mode":"PAY_PER_REQUEST","deletion_protection_enabled":false,"global_secondary_index":[],"hash_key":"LockID","id":"fundamentals-of-td5","import_table":[],"local_secondary_index":[],"name":"fundamentals-of-td5","point_in_time_recovery":[{"enabled":false}],"range_key":null,"read_capacity":0,"replica":[],"restore_date_time":null,"restore_source_name":null,"restore_to_latest_time":null,"server_side_encryption":[],"stream_arn":"","stream_enabled":false,"stream_label":"","stream_view_type":"","table_class":"STANDARD","tags":null,"tags_all":{},"timeouts":null,"ttl":[{"attribute_name":"","enabled":false}],"write_capacity":0},"sensitive_attributes":[],"private":"eyJlMmJmYjczMC1lY2FhLTExZTYtOGY4OC0zNDM2M2JjN2M0YzAiOnsiY3JlYXRlIjoxODAwMDAwMDAwMDAwLCJkZWxldGUiOjYwMDAwMDAwMDAwMCwidXBkYXRlIjozNjAwMDAwMDAwMDAwfSwic2NoZW1hX3ZlcnNpb24iOiIxIn0="}]},{"module":"module.state","mode":"managed","type":"aws_s3_bucket","name":"tofu_state","provider":"provider[\"registry.opentofu.org/hashicorp/aws\"]","instances":[{"schema_version":0,"attributes":{"acceleration_status":"","acl":null,"arn":"arn:aws:s3:::fundamentals-of-td5","bucket":"fundamentals-of-td5","bucket_domain_name":"fundamentals-of-td5.s3.amazonaws.com","bucket_prefix":"","bucket_regional_domain_name":"fundamentals-of-td5.s3.us-east-2.amazonaws.com","cors_rule":[],"force_destroy":true,"grant":[{"id":"152922066dfa4845654d3f6b937a9359691a469ffa70f1b6b60b4296dba27a27","permissions":["FULL_CONTROL"],"type":"CanonicalUser","uri":""}],"hosted_zone_id":"Z2O1EMRO9K5GLX","id":"fundamentals-of-td5","lifecycle_rule":[],"logging":[],"object_lock_configuration":[],"object_lock_enabled":false,"policy":"","region":"us-east-2","replication_configuration":[],"request_payer":"BucketOwner","server_side_encryption_configuration":[{"rule":[{"apply_server_side_encryption_by_default":[{"kms_master_key_id":"","sse_algorithm":"AES256"}],"bucket_key_enabled":false}]}],"tags":null,"tags_all":{},"timeouts":null,"versioning":[{"enabled":false,"mfa_delete":false}],"website":[],"website_domain":null,"website_endpoint":null},"sensitive_attributes":[],"private":"eyJlMmJmYjczMC1lY2FhLTExZTYtOGY4OC0zNDM2M2JjN2M0YzAiOnsiY3JlYXRlIjoxMjAwMDAwMDAwMDAwLCJkZWxldGUiOjM2MDAwMDAwMDAwMDAsInJlYWQiOjEyMDAwMDAwMDAwMDAsInVwZGF0ZSI6MTIwMDAwMDAwMDAwMH19"}]},{"module":"module.state","mode":"managed","type":"aws_s3_bucket_public_access_block","name":"public_access","provider":"provider[\"registry.opentofu.org/hashicorp/aws\"]","instances":[{"schema_version":0,"attributes":{"block_public_acls":true,"block_public_policy":true,"bucket":"fundamentals-of-td5","id":"fundamentals-of-td5","ignore_public_acls":true,"restrict_public_buckets":true},"sensitive_attributes":[],"private":"bnVsbA==","dependencies":["module.state.aws_s3_bucket.tofu_state"]}]},{"module":"module.state","mode":"managed","type":"aws_s3_bucket_server_side_encryption_configuration","name":"default","provider":"provider[\"registry.opentofu.org/hashicorp/aws\"]","instances":[{"schema_version":0,"attributes":{"bucket":"fundamentals-of-td5","expected_bucket_owner":"","id":"fundamentals-of-td5","rule":[{"apply_server_side_encryption_by_default":[{"kms_master_key_id":"","sse_algorithm":"AES256"}],"bucket_key_enabled":null}]},"sensitive_attributes":[],"private":"bnVsbA==","dependencies":["module.state.aws_s3_bucket.tofu_state"]}]},{"module":"module.state","mode":"managed","type":"aws_s3_bucket_versioning","name":"enabled","provider":"provider[\"registry.opentofu.org/hashicorp/aws\"]","instances":[{"schema_version":0,"attributes":{"bucket":"fundamentals-of-td5","expected_bucket_owner":"","id":"fundamentals-of-td5","mfa":null,"versioning_configuration":[{"mfa_delete":"","status":"Enabled"}]},"sensitive_attributes":[],"private":"bnVsbA==","dependencies":["module.state.aws_s3_bucket.tofu_state"]}]}],"check_results":null}
